
Microsoft Visual Studio Solution File, Format Version 12.00
# Visual Studio Version 17
VisualStudioVersion = 17.3.32714.290
MinimumVisualStudioVersion = 10.0.40219.1
Project("{9A19103F-16F7-4668-BE54-9A1E7A4F7556}") = "ZhConv", "ZhConv.csproj", "{56CFF276-07AD-4648-ABCF-3A2231408DF0}"
EndProject
Global
	GlobalSection(SolutionConfigurationPlatforms) = preSolution
		Debug|Any CPU = Debug|Any CPU
		Release|Any CPU = Release|Any CPU
	EndGlobalSection
	GlobalSection(ProjectConfigurationPlatforms) = postSolution
		{56CFF276-07AD-4648-ABCF-3A2231408DF0}.Debug|Any CPU.ActiveCfg = Debug|Any CPU
		{56CFF276-07AD-4648-ABCF-3A2231408DF0}.Debug|Any CPU.Build.0 = Debug|Any CPU
		{56CFF276-07AD-4648-ABCF-3A2231408DF0}.Release|Any CPU.ActiveCfg = Release|Any CPU
		{56CFF276-07AD-4648-ABCF-3A2231408DF0}.Release|Any CPU.Build.0 = Release|Any CPU
	EndGlobalSection
	GlobalSection(SolutionProperties) = preSolution
		HideSolutionNode = FALSE
	EndGlobalSection
	GlobalSection(ExtensibilityGlobals) = postSolution
		SolutionGuid = {051B390A-48BB-4AB0-9BFC-5F45D3B934D3}
	EndGlobalSection
EndGlobal
